# This file is generated by running "yarn install" inside your project.
# Manual changes might be lost - proceed with caution!

__metadata:
  version: 4
  cacheKey: 7

"@koa/router@npm:^10.0.0":
  version: 10.0.0
  resolution: "@koa/router@npm:10.0.0"
  dependencies:
    debug: ^4.1.1
    http-errors: ^1.7.3
    koa-compose: ^4.1.0
    methods: ^1.1.2
    path-to-regexp: ^6.1.0
  checksum: bbc41166758ce41573aca9a008cf95337d3bfcb88ae2f2cc7f13328408232769670991ebcb1227371a924c05fff68a5071fc1d57ce7deb1d86dc9c9e6beced90
  languageName: node
  linkType: hard

"@sindresorhus/is@npm:^4.0.0":
  version: 4.0.0
  resolution: "@sindresorhus/is@npm:4.0.0"
  checksum: 7022d5037ff778c5c369c353e16a173c3797de5f4196b631ec00b0f710a3ccb016937ce454d4fac6ca32d695ed30a59444e941f8f78ff7692dc3c50959b3fe61
  languageName: node
  linkType: hard

"@szmarczak/http-timer@npm:^4.0.5":
  version: 4.0.5
  resolution: "@szmarczak/http-timer@npm:4.0.5"
  dependencies:
    defer-to-connect: ^2.0.0
  checksum: 13d8f71dbd792b620b2cd13d72d086ef031ebefd5263a9db2f34693a32e4d90920fa1d7075cd59bf0c9810b2b1b93ad36d89fc88aba4cd3b8022df7ecc5ffdec
  languageName: node
  linkType: hard

"@types/accepts@npm:*":
  version: 1.3.5
  resolution: "@types/accepts@npm:1.3.5"
  dependencies:
    "@types/node": "*"
  checksum: 78a31c01d948c405a1a6a89061f0acd5a89df40de445c36382538985a3d00a236ba1cc5099bd812118525c2f29bb61d4869cd775ba63dd3e160113b5fa203915
  languageName: node
  linkType: hard

"@types/body-parser@npm:*":
  version: 1.19.0
  resolution: "@types/body-parser@npm:1.19.0"
  dependencies:
    "@types/connect": "*"
    "@types/node": "*"
  checksum: 4576f3fde5980c1219cadbc7c523bdb1cefc3713300e18bf47ff37bb9b8176342a1dc7519008311fd8fc11413cf188a83931b9b59051aa1c2f095c1e10459369
  languageName: node
  linkType: hard

"@types/cacheable-request@npm:^6.0.1":
  version: 6.0.1
  resolution: "@types/cacheable-request@npm:6.0.1"
  dependencies:
    "@types/http-cache-semantics": "*"
    "@types/keyv": "*"
    "@types/node": "*"
    "@types/responselike": "*"
  checksum: 3dae802a0808573986c56b92bf16cd031a5b648b6c893d20c7ef6bfda3fc72a2107c7978697d2b27b14febc597162d6959985eeb5befc307a9f9f3c5081d4905
  languageName: node
  linkType: hard

"@types/connect@npm:*":
  version: 3.4.34
  resolution: "@types/connect@npm:3.4.34"
  dependencies:
    "@types/node": "*"
  checksum: 6f712a0408ed119a42037bcbc38c12e053d3ffe11337221a3966c9e29a21c8455e331fe2116c426361c0b2c0e44cb3fb1f83594326e42ba34ce4723d726b7d30
  languageName: node
  linkType: hard

"@types/content-disposition@npm:*":
  version: 0.5.3
  resolution: "@types/content-disposition@npm:0.5.3"
  checksum: 1b7d94b19ae8564816233b74df5f662052d393d0fdb317c81d894f5e1e762010c46b1812ce01a1492a72603e182afd18a59673e25ae737efc3e470ba261697d7
  languageName: node
  linkType: hard

"@types/cookies@npm:*":
  version: 0.7.5
  resolution: "@types/cookies@npm:0.7.5"
  dependencies:
    "@types/connect": "*"
    "@types/express": "*"
    "@types/keygrip": "*"
    "@types/node": "*"
  checksum: 913d972d89383bd28f6ec5ab4b4b738cece85341ff4809d0cb886ca214d8d4b0547dac1a3c16bcc8ceab85219e0fdbf928cfe6aca9246394b29b2010071fb49e
  languageName: node
  linkType: hard

"@types/express-serve-static-core@npm:*":
  version: 4.17.17
  resolution: "@types/express-serve-static-core@npm:4.17.17"
  dependencies:
    "@types/node": "*"
    "@types/qs": "*"
    "@types/range-parser": "*"
  checksum: 97a4f64b6153503146ff8a689d0647d2cbb5ea316bdf3844e799330591b8cde848f7f51dfe202d1cb7a4fffdd2e22b488b486215f8f51e486700e03995407c23
  languageName: node
  linkType: hard

"@types/express@npm:*":
  version: 4.17.9
  resolution: "@types/express@npm:4.17.9"
  dependencies:
    "@types/body-parser": "*"
    "@types/express-serve-static-core": "*"
    "@types/qs": "*"
    "@types/serve-static": "*"
  checksum: 80cd74784e9b40495b683b6b285be58bd7515f3b86923a72483fb8a6dec15ef159e651c460a215e9ad4e9620deec7345020fe33535c4eb12d81152b74b0278d0
  languageName: node
  linkType: hard

"@types/http-assert@npm:*":
  version: 1.5.1
  resolution: "@types/http-assert@npm:1.5.1"
  checksum: 0c9cbc568be88c60870d96953880c9b2c1d7c290df928a4004693debb715b8ad1b3e8a2f4b13b84e22b41379d20d9255e960532cf613a28126e8a433ddabac01
  languageName: node
  linkType: hard

"@types/http-cache-semantics@npm:*":
  version: 4.0.0
  resolution: "@types/http-cache-semantics@npm:4.0.0"
  checksum: e16fae56d4daea4ed678b4d5918b693b44ca12fb5e479b87d242d3a35bf3a014974dcf9ed7aba7e29149fdb6c3719f9987fca51b20ef10aa84b58f86553c2f74
  languageName: node
  linkType: hard

"@types/http-errors@npm:*":
  version: 1.8.0
  resolution: "@types/http-errors@npm:1.8.0"
  checksum: f6a0cf40d026b339f3358771d1a98bce7e637429882255246ccf4056cf0f2df7aaf2997ba3072e13df8688f0cd2f9f99ac4d84bed4665710793de35642b4cdad
  languageName: node
  linkType: hard

"@types/keygrip@npm:*":
  version: 1.0.2
  resolution: "@types/keygrip@npm:1.0.2"
  checksum: 8d86a3d702146ae7012571f1783bdc1228cc42ec89472b7ed14c2a46b12b1fa7423e9ecfbe1167bdbc4f26bdc95ee4b3b757a9df29202f98333cddc379b46f6d
  languageName: node
  linkType: hard

"@types/keyv@npm:*":
  version: 3.1.1
  resolution: "@types/keyv@npm:3.1.1"
  dependencies:
    "@types/node": "*"
  checksum: 3aaf557d5b82e733d5a17b7f55af5d6be953363c3a594f006d64265790fe87c301c6e1400c0b6b1cf72add50a0ceddc25afb8231ab8302a2e5b6ebfbfac30e5d
  languageName: node
  linkType: hard

"@types/koa-compose@npm:*":
  version: 3.2.5
  resolution: "@types/koa-compose@npm:3.2.5"
  dependencies:
    "@types/koa": "*"
  checksum: bb6cae03095752d2f351e650ec4f5631c4512aec85bf5f7bab210a91a04714fbe0e75edac120cb56aff2cee5c6549bd6bf7a0ccc35f3adc0aa41d463b0a1f310
  languageName: node
  linkType: hard

"@types/koa@npm:*, @types/koa@npm:^2.11.6":
  version: 2.11.6
  resolution: "@types/koa@npm:2.11.6"
  dependencies:
    "@types/accepts": "*"
    "@types/content-disposition": "*"
    "@types/cookies": "*"
    "@types/http-assert": "*"
    "@types/http-errors": "*"
    "@types/keygrip": "*"
    "@types/koa-compose": "*"
    "@types/node": "*"
  checksum: 38887e8baea2db1b3ec9007aa165306ccd84d0f47560712fe197cf26d5eb931e9cd8891f12d77970f0d7f24de29920a764a65f2c31b4491f5cc162e3b9390089
  languageName: node
  linkType: hard

"@types/koa__router@npm:^8.0.3":
  version: 8.0.3
  resolution: "@types/koa__router@npm:8.0.3"
  dependencies:
    "@types/koa": "*"
  checksum: 2800bd2f51d7d7cb623379ff5e465c1ce1ae7e03621f731347522dbc90be97cec9ee46176ca6d86c2105c79dc73873c9fc07c9d411fefb44be798719210943e3
  languageName: node
  linkType: hard

"@types/mime@npm:*":
  version: 2.0.3
  resolution: "@types/mime@npm:2.0.3"
  checksum: 6df548a912494f8579d548cd883be0425f30eaa2922283335c405e270600f49045a06d766460c0f0edabb41dff570c614d174d3c52215de3bddd11f190ec9ae9
  languageName: node
  linkType: hard

"@types/node@npm:*":
  version: 14.14.14
  resolution: "@types/node@npm:14.14.14"
  checksum: dea8d257d49d68c65dafa6ebde9453bb61b67febc92ed8d7e38fce8b95f18d32ccffb3ab37021f9be8d1e5c65cd59cdb7dd8981d9b89b2be103b3012aee09fcf
  languageName: node
  linkType: hard

"@types/prop-types@npm:*":
  version: 15.7.3
  resolution: "@types/prop-types@npm:15.7.3"
  checksum: bd0eab69d5120ad3784d0c9985f902653d5924707a7f2b3702a330e762dfd61b6494954cb54ad0c52b918ffd6f1e7e27c9270e4442bc15250de348596f2f60cb
  languageName: node
  linkType: hard

"@types/qs@npm:*":
  version: 6.9.5
  resolution: "@types/qs@npm:6.9.5"
  checksum: afe4721a802a4b5fa874a7d6d9fd33c9e812bb0ef90dabb050e8072be4ab2e5e817c0feacb9b4e0771d875de99f4d9738217976aeb8d36b81ccd82ded5e9fdc0
  languageName: node
  linkType: hard

"@types/range-parser@npm:*":
  version: 1.2.3
  resolution: "@types/range-parser@npm:1.2.3"
  checksum: 092fabae0ecbd728d3e4debc938cd043e97cb9f210cfec1c56ff6065c6e91666f376eb586591825d6757a058fd1a1dc4831d34e04ecfbb0800f35b8d86d38635
  languageName: node
  linkType: hard

"@types/react-dom@npm:^17.0.0":
  version: 17.0.0
  resolution: "@types/react-dom@npm:17.0.0"
  dependencies:
    "@types/react": "*"
  checksum: 7ca9351b6c2523327cd7afe40082a37034898f65e9d86700236682efed910ba7c9cec10e9a3b829aa7b804b18791a28743ce468fcb42e9a788bfc33b84137e45
  languageName: node
  linkType: hard

"@types/react@npm:*, @types/react@npm:^17.0.0":
  version: 17.0.0
  resolution: "@types/react@npm:17.0.0"
  dependencies:
    "@types/prop-types": "*"
    csstype: ^3.0.2
  checksum: dcef2034b822a949c5528fa8fa3c64da654fdbb822bd8f0488c0084d84cadb8b90af68813a6c95153d4754079f50b1cab206552c7c20f6b67a26c3641383fe31
  languageName: node
  linkType: hard

"@types/responselike@npm:*, @types/responselike@npm:^1.0.0":
  version: 1.0.0
  resolution: "@types/responselike@npm:1.0.0"
  dependencies:
    "@types/node": "*"
  checksum: e6e6613c800aeda63e2331e753e8d21df1a2c9aa7a4bc71ed792a848e4811fc96e609759089355314a2318c76eff1f161499cd242044838ab1e6f56e463ebb9c
  languageName: node
  linkType: hard

"@types/serve-static@npm:*":
  version: 1.13.8
  resolution: "@types/serve-static@npm:1.13.8"
  dependencies:
    "@types/mime": "*"
    "@types/node": "*"
  checksum: 39db4c0f0f1c459588609496f92c2cb084b7feca8b9f96ac5032e371f8a0f4923c32dc9b7fd005b8bb6d10aad5d9118238da4869647672441571ff20bcbe4ea4
  languageName: node
  linkType: hard

"accepts@npm:^1.3.5":
  version: 1.3.7
  resolution: "accepts@npm:1.3.7"
  dependencies:
    mime-types: ~2.1.24
    negotiator: 0.6.2
  checksum: 2686fa30dbc850db1bf458dc8171fba13c54ed6cb25f4298ec7c2f88b8dfc50351f25c40abe3a948e4ec7a0cc8ea83d1c55c2f73ffa612d18840a8778d4a2ee0
  languageName: node
  linkType: hard

"any-promise@npm:^1.1.0":
  version: 1.3.0
  resolution: "any-promise@npm:1.3.0"
  checksum: e829425e4aef532fb9063c638de4693feaf285dae8ba84bcabd9c6d49446264650d1e16b73af8a25ae1e4480f9a4dc7cae364b4c4d4753b57dd1900cdfab8183
  languageName: node
  linkType: hard

"cache-content-type@npm:^1.0.0":
  version: 1.0.1
  resolution: "cache-content-type@npm:1.0.1"
  dependencies:
    mime-types: ^2.1.18
    ylru: ^1.2.0
  checksum: 3afcece8c75fd15a74d96e8bd14d22d5387878c161672c8c7fbc7a89788698d32dc55334395feba309fd601580a410fe47860763ed78686b8b98889ea82ff670
  languageName: node
  linkType: hard

"cacheable-lookup@npm:^5.0.3":
  version: 5.0.4
  resolution: "cacheable-lookup@npm:5.0.4"
  checksum: cb5849f5841e37f007aeaea2516ecf2cb0a9730667694d131331a04413f6c3bf2587391d55003cc2b95ef59085b5f50ac9887a0b7c673fc0c8102bcc69b6d73d
  languageName: node
  linkType: hard

"cacheable-request@npm:^7.0.1":
  version: 7.0.1
  resolution: "cacheable-request@npm:7.0.1"
  dependencies:
    clone-response: ^1.0.2
    get-stream: ^5.1.0
    http-cache-semantics: ^4.0.0
    keyv: ^4.0.0
    lowercase-keys: ^2.0.0
    normalize-url: ^4.1.0
    responselike: ^2.0.0
  checksum: fe0b6f3b8a145c98fecc00f0f1b13a9886cad9bf4537533c5568cba19db81c8ee09ace9c61967d5a4e72615e174d771b6b8080c3816f0b74fc6f9c69060c3ff0
  languageName: node
  linkType: hard

"clone-response@npm:^1.0.2":
  version: 1.0.2
  resolution: "clone-response@npm:1.0.2"
  dependencies:
    mimic-response: ^1.0.0
  checksum: 71832f9219f2682b0915bdbc0dd187ba8e63d16b0af5342b44f97b34afe9400a1f528a253dd2f70a8dd8b23bfa4c4e106928fcc520fa5899d769af95e4cce53c
  languageName: node
  linkType: hard

"co@npm:^4.6.0":
  version: 4.6.0
  resolution: "co@npm:4.6.0"
  checksum: 3f22dbbe0f413ff72831d087d853a81d1137093e12e8ec90b4da2bde5c67bc6bff11b6adeb38ca9fa8704b8cd40dba294948bda3c271bccb74669972b840cc1a
  languageName: node
  linkType: hard

"content-disposition@npm:~0.5.2":
  version: 0.5.3
  resolution: "content-disposition@npm:0.5.3"
  dependencies:
    safe-buffer: 5.1.2
  checksum: 8f1f235c0423be68023df7f5a3948601d859ce44ee94e1d0fa2a97383bd469e789320b6ddf6f31b3620605c75cf771522df11386f51aff401e5d51b6ccfde3e2
  languageName: node
  linkType: hard

"content-type@npm:^1.0.4":
  version: 1.0.4
  resolution: "content-type@npm:1.0.4"
  checksum: ff6e19cbf281c23d5608723a6dc60ac97e2280bd4d21602511283112321e6c1555895e395555e367672b54a0f1585276284b7c3c8be313aca73902ac2f2609fd
  languageName: node
  linkType: hard

"cookies@npm:~0.8.0":
  version: 0.8.0
  resolution: "cookies@npm:0.8.0"
  dependencies:
    depd: ~2.0.0
    keygrip: ~1.1.0
  checksum: c401e0f791e5413af5a5e88db85610fad49a58c91b393a917294562b17cc30626d3730591ba73ce27e93a977f9483272c188e35fcc4ade6d2576c4f74628a9c4
  languageName: node
  linkType: hard

"csstype@npm:^3.0.2":
  version: 3.0.5
  resolution: "csstype@npm:3.0.5"
  checksum: d15967edea15457961ab1e3f1c4080c83792a595055551a087923b2fb67fffaddaa2eedafe10f665d12dc3f493af03c08322c9410fcd58e3dcf48104de15043c
  languageName: node
  linkType: hard

"date-fns@npm:^2.16.1":
  version: 2.16.1
  resolution: "date-fns@npm:2.16.1"
  checksum: fbe5d9aa1dc4c92c7cf9c0b31e58f532ac9fe059f85fc622641b1ac9c673150329620ea6bf941a8ba10e8e677aa0b6ccdc04ce001f81e70fd49acd1760edcba0
  languageName: node
  linkType: hard

"debug@npm:^4.1.1":
  version: 4.3.2
  resolution: "debug@npm:4.3.2"
  dependencies:
    ms: 2.1.2
  peerDependenciesMeta:
    supports-color:
      optional: true
  checksum: 5543570879e2274f6725d4285a034d6e0822d35faefc6f55965933fb440e8c21eb3a0bef934e66f4b6b491f898ee2de37cab980e9d4fd61372136c19d3ce4527
  languageName: node
  linkType: hard

"debug@npm:~3.1.0":
  version: 3.1.0
  resolution: "debug@npm:3.1.0"
  dependencies:
    ms: 2.0.0
  checksum: 1295acd5e0531761255661d325cd0a80ac8c5f6de8942a53bb23c2197ccb97526972de662ed0e5d9393be83f3428a298a6e7185ecb02f0da6282019cd2ffb4a8
  languageName: node
  linkType: hard

"decompress-response@npm:^6.0.0":
  version: 6.0.0
  resolution: "decompress-response@npm:6.0.0"
  dependencies:
    mimic-response: ^3.1.0
  checksum: bb8b8c42be7767994764d27f91a3949e3dc9008da82f1aaeab1de40f1ebb50d7abf17b31b2e4000f8d267a1e75f76052efd58d4419124c04bf430e184c164fad
  languageName: node
  linkType: hard

"deep-equal@npm:~1.0.1":
  version: 1.0.1
  resolution: "deep-equal@npm:1.0.1"
  checksum: 97d8558d19a1aeeadbed84d54cd2d3be792e968e1834aaaf1627f432371b1fb52bfe5bfd06bdbbdb7b53f827b0adf7dd78089d0430e923edebc724e4df7c3923
  languageName: node
  linkType: hard

"defer-to-connect@npm:^2.0.0":
  version: 2.0.0
  resolution: "defer-to-connect@npm:2.0.0"
  checksum: 0453938bfce1c866263d0a4732ade8d69b1a39e27e073d3fbae9e0cc1c6a15a422c2fe5f90320465312ace6a01dbed4a2836755ac2a9519555e82d65141eabdc
  languageName: node
  linkType: hard

"delegates@npm:^1.0.0":
  version: 1.0.0
  resolution: "delegates@npm:1.0.0"
  checksum: 7459e34d29cadd9bfd340728bfcc70ea96da5d940fb197298b523f805822680e583cba3ec34d36a18004325f1ec9de55e202a92b414d01db18cd87bb8a2ae5bd
  languageName: node
  linkType: hard

"depd@npm:^1.1.2, depd@npm:~1.1.2":
  version: 1.1.2
  resolution: "depd@npm:1.1.2"
  checksum: f45566ff7019a346852f095768a380778ed544de24e103b479fd5d3e61982d670efbb5234c09d0588d7fdb09c26c48283d7150e4be5e6ce5d3d37cd268d75c4d
  languageName: node
  linkType: hard

"depd@npm:~2.0.0":
  version: 2.0.0
  resolution: "depd@npm:2.0.0"
  checksum: 20726d843f5ab5e933211fcb5a440a1a3986ef9d6f85d38cf1eae815ea3cc12fa4436bd35a38e21bdb391a021b57f2d97b9f856873852506acac1b07ac913ba4
  languageName: node
  linkType: hard

"destroy@npm:^1.0.4":
  version: 1.0.4
  resolution: "destroy@npm:1.0.4"
  checksum: 5a516fc5a8a8089eecdac11da2339353542be7a71102dc5a1372ef6161501bf5c1ee59ff9f8a3f5f14cc8c88594d606f855f816d46a228ee5e0e5cb2b543534b
  languageName: node
  linkType: hard

"ee-first@npm:1.1.1":
  version: 1.1.1
  resolution: "ee-first@npm:1.1.1"
  checksum: ba74f91398e3ee3b6d665b2f0d13ad6530e89a7e64ec886a6eec0602fb8a5a274652960e21bd5d4b42fdeb9017d873ff872f50342d38779e955285977edb337c
  languageName: node
  linkType: hard

"encodeurl@npm:^1.0.2":
  version: 1.0.2
  resolution: "encodeurl@npm:1.0.2"
  checksum: 6ee5fcbcd245d2a2b6bd6fe36b80f91e31ab46e29192c50af00e8f860c0c2310ebbdaae40257878fdce90b42abcb3526895c7c3a2e229461ed1f0d0b5a020fc8
  languageName: node
  linkType: hard

"end-of-stream@npm:^1.1.0":
  version: 1.4.4
  resolution: "end-of-stream@npm:1.4.4"
  dependencies:
    once: ^1.4.0
  checksum: 7da60e458bdb5e16c006a45e85ef3bc1e3791db5ba275b0913258ccddc8899acb9252c4ddbcce87bd1b46e2a3f97315aafb9f0c0330e8aac44defb504a9d3ccd
  languageName: node
  linkType: hard

"escape-html@npm:^1.0.3":
  version: 1.0.3
  resolution: "escape-html@npm:1.0.3"
  checksum: 900a7f2b80b9f89c85b7a303d1b7a4d354b93e328871414f165f13c5c209a80eab787e3a63429e596877def69fe4dcb3d1b55af655207a901a9ec99f7f148743
  languageName: node
  linkType: hard

"fresh@npm:~0.5.2":
  version: 0.5.2
  resolution: "fresh@npm:0.5.2"
  checksum: 2f76c8505d1ea5a6d5accea3e7aff0b796bfa43364c84929254f33909fa08640948bd1728220d1ff5f4c2b378a65e97da647f2fe0f2b7ddb44001f6e0dc2e91f
  languageName: node
  linkType: hard

"get-stream@npm:^5.1.0":
  version: 5.2.0
  resolution: "get-stream@npm:5.2.0"
  dependencies:
    pump: ^3.0.0
  checksum: c71c5625f4573a33823371da253b4183df6bdb28cb678d03bab9b5f91626d92d6f3f5ae2404c5efdc1248fbb82204e4dae4283c7ff3cc14e505754f9f748f217
  languageName: node
  linkType: hard

"got@npm:^11.8.1":
  version: 11.8.1
  resolution: "got@npm:11.8.1"
  dependencies:
    "@sindresorhus/is": ^4.0.0
    "@szmarczak/http-timer": ^4.0.5
    "@types/cacheable-request": ^6.0.1
    "@types/responselike": ^1.0.0
    cacheable-lookup: ^5.0.3
    cacheable-request: ^7.0.1
    decompress-response: ^6.0.0
    http2-wrapper: ^1.0.0-beta.5.2
    lowercase-keys: ^2.0.0
    p-cancelable: ^2.0.0
    responselike: ^2.0.0
  checksum: 739e7ffe359b73a21270136a917f0837471b87758773439bc178bcf7dba21f43872f0b72ad107f5ebf9487f74eea19391b3ed7902acf4576610c51c3396315a1
  languageName: node
  linkType: hard

"http-assert@npm:^1.3.0":
  version: 1.4.1
  resolution: "http-assert@npm:1.4.1"
  dependencies:
    deep-equal: ~1.0.1
    http-errors: ~1.7.2
  checksum: bf6a90287f0803dbebdc7dbd4927461bafe4a50b600f0081570573291889cd4913c78c522cf40629e19c4705d4d34df9b3834c829c3be3410424ac669c6e9550
  languageName: node
  linkType: hard

"http-cache-semantics@npm:^4.0.0":
  version: 4.1.0
  resolution: "http-cache-semantics@npm:4.1.0"
  checksum: 451df9784af2acbe0cc1fd70291285c08ca4a8966ab5ee4d3975e003d1ad4d74c81473086d628f31296b31221966fda8bc5ea1e29dd8f1f33f9fc2b0fdca65ca
  languageName: node
  linkType: hard

"http-errors@npm:^1.6.3, http-errors@npm:^1.7.3":
  version: 1.8.0
  resolution: "http-errors@npm:1.8.0"
  dependencies:
    depd: ~1.1.2
    inherits: 2.0.4
    setprototypeof: 1.2.0
    statuses: ">= 1.5.0 < 2"
    toidentifier: 1.0.0
  checksum: 95ad78508b2929923dac83edd7ce513db87c4214df83a6664559810566da73d9a6892ffdcd76738d9ab9d33172b4c7e304436a4031d471569a7344396fea0ecb
  languageName: node
  linkType: hard

"http-errors@npm:~1.7.2":
  version: 1.7.3
  resolution: "http-errors@npm:1.7.3"
  dependencies:
    depd: ~1.1.2
    inherits: 2.0.4
    setprototypeof: 1.1.1
    statuses: ">= 1.5.0 < 2"
    toidentifier: 1.0.0
  checksum: 563ae4a3f19c89029212922bade6ffcd0e4b7fa52e539f08c8f6941de7eaccb00bf76cb7692662192f2f0d567d4ac1f9d6a3d0ee70b166c8540cf791497f90ea
  languageName: node
  linkType: hard

"http2-wrapper@npm:^1.0.0-beta.5.2":
  version: 1.0.0-beta.5.2
  resolution: "http2-wrapper@npm:1.0.0-beta.5.2"
  dependencies:
    quick-lru: ^5.1.1
    resolve-alpn: ^1.0.0
  checksum: 74db457c83d2cef5ea36e6a0a013a0a12b3fff575c4cabfc91c012b7335463d09ed3dba2d7e87babab4396a170df466730b1c13d92f99bbdd82b7aec99387683
  languageName: node
  linkType: hard

"inherits@npm:2.0.4":
  version: 2.0.4
  resolution: "inherits@npm:2.0.4"
  checksum: 98426da247ddfc3dcd7d7daedd90c3ca32d5b08deca08949726f12d49232aef94772a07b36cf4ff833e105ae2ef931777f6de4a6dd8245a216b9299ad4a50bea
  languageName: node
  linkType: hard

"is-generator-function@npm:^1.0.7":
  version: 1.0.8
  resolution: "is-generator-function@npm:1.0.8"
  checksum: 1aa2b83ca5ca750d7acb1701476aea6a01e277ab71610e01fc69ee3fbb7d050c753a5d74ece25f3f1e6c9eef1d1c42c1681be3b5c1174f183110bc0ca565677a
  languageName: node
  linkType: hard

"js-tokens@npm:^3.0.0 || ^4.0.0":
  version: 4.0.0
  resolution: "js-tokens@npm:4.0.0"
  checksum: 1fc4e4667ac2d972aba65148b9cbf9c17566b2394d3504238d8492bbd3e68f496c657eab06b26b40b17db5cac0a34d153a12130e2d2d2bb6dc2cdc8a4764eb1b
  languageName: node
  linkType: hard

"json-buffer@npm:3.0.1":
  version: 3.0.1
  resolution: "json-buffer@npm:3.0.1"
  checksum: 78011309cb53c19195702ece9e282c8c58d7facd8d6e286857fd4daf511f0bd93424498898d0b9ecfde6ab8e87a2ab0c0a654fba4b1a4ec81fa51f2c48a5ddba
  languageName: node
  linkType: hard

"keygrip@npm:~1.1.0":
  version: 1.1.0
  resolution: "keygrip@npm:1.1.0"
  dependencies:
    tsscmp: 1.0.6
  checksum: 917fc9c6ad8528537534ae181f85a566bf74716f3e38e83ff858862ebad24f31f70781b875fbf5a34bba115433361d2dbdad94d4debf0ca6631c85b47a5f0e31
  languageName: node
  linkType: hard

"keyv@npm:^4.0.0":
  version: 4.0.3
  resolution: "keyv@npm:4.0.3"
  dependencies:
    json-buffer: 3.0.1
  checksum: 63527e3d010dd9b8f8e62435130cdb1518de7b7d0ebafcff1359611caa0e79c7f80f1863ff73e712d99ce69fa06be62b66a78fb5cfee6483f2f95eeac340f12b
  languageName: node
  linkType: hard

"koa-compose@npm:^3.0.0":
  version: 3.2.1
  resolution: "koa-compose@npm:3.2.1"
  dependencies:
    any-promise: ^1.1.0
  checksum: 68f839a57c1cb8f9a0a42b86761ffb43a53d5f95bb9c56daa03895cc5553db88f7740fcbdefd6cf3db17f0f71a8a695b5b249752aef844d44dc0a738181cdf25
  languageName: node
  linkType: hard

"koa-compose@npm:^4.1.0":
  version: 4.1.0
  resolution: "koa-compose@npm:4.1.0"
  checksum: 53a9b90f2167c63483a36c254b49f63510de4bfed2a1f54389f2fa0e20d0824f2e92c677bb654fc40d6c03df01d414bf4c777ce23dd08e563fbe5b632938478b
  languageName: node
  linkType: hard

"koa-convert@npm:^1.2.0":
  version: 1.2.0
  resolution: "koa-convert@npm:1.2.0"
  dependencies:
    co: ^4.6.0
    koa-compose: ^3.0.0
  checksum: d74bafebae527ef5b26f9f7d66928ca9f62cabba2eb8cc8fff1742a5ed5de21a32ca9ddb0a63b0e6a3e3ae04163be95b3a0efdaed662303f921c655527e16955
  languageName: node
  linkType: hard

"koa@npm:^2.13.0":
  version: 2.13.0
  resolution: "koa@npm:2.13.0"
  dependencies:
    accepts: ^1.3.5
    cache-content-type: ^1.0.0
    content-disposition: ~0.5.2
    content-type: ^1.0.4
    cookies: ~0.8.0
    debug: ~3.1.0
    delegates: ^1.0.0
    depd: ^1.1.2
    destroy: ^1.0.4
    encodeurl: ^1.0.2
    escape-html: ^1.0.3
    fresh: ~0.5.2
    http-assert: ^1.3.0
    http-errors: ^1.6.3
    is-generator-function: ^1.0.7
    koa-compose: ^4.1.0
    koa-convert: ^1.2.0
    on-finished: ^2.3.0
    only: ~0.0.2
    parseurl: ^1.3.2
    statuses: ^1.5.0
    type-is: ^1.6.16
    vary: ^1.1.2
  checksum: d8dca4c17f1c0c59a0d9df3680c1eec2e0107564f04e306614e236966381a5db49577f9dcb0b1a3cccb74c08319052be9bfbd4bb53a6c4a695bc872607902bc3
  languageName: node
  linkType: hard

"loose-envify@npm:^1.1.0":
  version: 1.4.0
  resolution: "loose-envify@npm:1.4.0"
  dependencies:
    js-tokens: ^3.0.0 || ^4.0.0
  bin:
    loose-envify: cli.js
  checksum: 5c3b47bbe5f597a3889fb001a3a98aaea2a3fafa48089c19034de1e0121bf57dbee609d184478514d74d5c5a7e9cfa3d846343455e5123b060040d46c39e91dc
  languageName: node
  linkType: hard

"lowercase-keys@npm:^2.0.0":
  version: 2.0.0
  resolution: "lowercase-keys@npm:2.0.0"
  checksum: 4da67f41865a25360bb05749a66a83c60987c7efa0b8ec443941a19978c21ba916ae9fedca25b96fc652026c4264a437d3fec099d1949716b5483eec42395ec9
  languageName: node
  linkType: hard

"media-typer@npm:0.3.0":
  version: 0.3.0
  resolution: "media-typer@npm:0.3.0"
  checksum: be1c825782df7f38eebd451d778f6407bb15a59c8807a69e7f2ad74a25440e474536441c6bf583fdf2803ea23b866e91ff68f565cda297211dd89147758c8df3
  languageName: node
  linkType: hard

"methods@npm:^1.1.2":
  version: 1.1.2
  resolution: "methods@npm:1.1.2"
  checksum: 450e4ea0fd4a0f3de8c0593d753c7d6c8f2ee49766f5ef35c68cc2ac41699d5e295b7d6330fc2b7271b8569a07857e3eb0b5df0599a353c5808265b4b5066168
  languageName: node
  linkType: hard

"mime-db@npm:1.44.0":
  version: 1.44.0
  resolution: "mime-db@npm:1.44.0"
  checksum: b4e3b2141418572fba9786f7e36324faef15e23032ad0871f56760cb304ee721ba4c8cc795d3c1cac69a2a8b94045c1d6b08c4a8d1ef6ba1226a3a5193915c57
  languageName: node
  linkType: hard

"mime-types@npm:^2.1.18, mime-types@npm:~2.1.24":
  version: 2.1.27
  resolution: "mime-types@npm:2.1.27"
  dependencies:
    mime-db: 1.44.0
  checksum: 51fe2f2c08c10ac7a2f67e2ce5de30f6500faa88d095418a1ab6e90e30960db7c682a8ecce60d3d4e293ac52c4700ca99399833db998ea9ec83d6f0503b70a94
  languageName: node
  linkType: hard

"mimic-response@npm:^1.0.0":
  version: 1.0.1
  resolution: "mimic-response@npm:1.0.1"
  checksum: 64b43c717ed8710bc920576e96d38d0e504e9eec3114af8e00c9e3d7ae53cd459ee38febb0badc83e3a4e6d21cd571db43e9011f8cf014809989c87a1a9f0ea4
  languageName: node
  linkType: hard

"mimic-response@npm:^3.1.0":
  version: 3.1.0
  resolution: "mimic-response@npm:3.1.0"
  checksum: cfbf19f66de6ad46df7481d9e8c1a7f30b6fa77dd771ad4a72a0443265041a39768182bde6d1de39001c2774168635bc74f42902e401c8ba33db55d69b773004
  languageName: node
  linkType: hard

"ms@npm:2.0.0":
  version: 2.0.0
  resolution: "ms@npm:2.0.0"
  checksum: 1a230340cc7f322fbe916783d8c8d60455407c6b7fb7f901d6ee34eb272402302c5c7f070a97b8531245cbb4ca6a0a623f6a128d7e5a5440cefa2c669c0b35bb
  languageName: node
  linkType: hard

"ms@npm:2.1.2":
  version: 2.1.2
  resolution: "ms@npm:2.1.2"
  checksum: 9b65fb709bc30c0c07289dcbdb61ca032acbb9ea5698b55fa62e2cebb04c5953f1876a1f3f7f4bc2e91d4bf4d86003f3e207c3bc6ee2f716f99827e62389cd0e
  languageName: node
  linkType: hard

"negotiator@npm:0.6.2":
  version: 0.6.2
  resolution: "negotiator@npm:0.6.2"
  checksum: 4b230bd15f0862d16c54ce0243fcfcf835ad59c8e58c467b4504dd28c9868cff71ff485b02cc575dc69dca819b58a1fadc9fb28403f45721f38a8fffde007d54
  languageName: node
  linkType: hard

"normalize-url@npm:^4.1.0":
  version: 4.5.0
  resolution: "normalize-url@npm:4.5.0"
  checksum: 09794941dbe5c7b91caf6f3cd1ae167c27f6d09793e4a03601a68b62de7e8ee9e5de21a246130cdbab98b01481de292f9556d492444a527648f9cf1220e4b0df
  languageName: node
  linkType: hard

"object-assign@npm:^4.1.1":
  version: 4.1.1
  resolution: "object-assign@npm:4.1.1"
  checksum: 66cf021898fc1b13ea573ea8635fbd5a76533f50cecbc2fcd5eee1e8029af41bcebe7023788b6d0e06cbe4401ecea075d972f78ec74467cdc571a0f1a4d1a081
  languageName: node
  linkType: hard

"on-finished@npm:^2.3.0":
  version: 2.3.0
  resolution: "on-finished@npm:2.3.0"
  dependencies:
    ee-first: 1.1.1
  checksum: 362e64608287d31ffd96a15fb9305a410b3e4d07c86f277fae907e38af46bc6f5ff948de90eabb81dc5632ca7f9a290085acc5410c378053dfa9860451d97ee5
  languageName: node
  linkType: hard

"once@npm:^1.3.1, once@npm:^1.4.0":
  version: 1.4.0
  resolution: "once@npm:1.4.0"
  dependencies:
    wrappy: 1
  checksum: 57afc246536cf6494437f982b26475f22bee860f8b77ce8eb1543f42a8bffe04b2c66ddfea9a16cb25ccb80943f8ee4fc639367ef97b7a6a4f2672eb573963f5
  languageName: node
  linkType: hard

"only@npm:~0.0.2":
  version: 0.0.2
  resolution: "only@npm:0.0.2"
  checksum: d9bb82243af05b7fccab253ad83d2e0053c4de4a1a7669d83a3a0f98af198a55f0d98cf51ccb58e9a2b67212598865e224c135cefe301846a3d7d3188245ebdb
  languageName: node
  linkType: hard

"otoran@workspace:.":
  version: 0.0.0-use.local
  resolution: "otoran@workspace:."
  dependencies:
    "@koa/router": ^10.0.0
    "@types/koa": ^2.11.6
    "@types/koa__router": ^8.0.3
    "@types/react": ^17.0.0
    "@types/react-dom": ^17.0.0
    date-fns: ^2.16.1
    got: ^11.8.1
    koa: ^2.13.0
    react: ^17.0.1
    react-dom: ^17.0.1
    typescript: ^4.1.3
  languageName: unknown
  linkType: soft

"p-cancelable@npm:^2.0.0":
  version: 2.0.0
  resolution: "p-cancelable@npm:2.0.0"
  checksum: 966065f056a116a1ca3b6c7064d4d27a65bc1740c25cc60729faa5deea385bbd0f2317aedabb8e64c0cfc3c6b2dafe7f3ea65c267373d6d9be1602af443b4f12
  languageName: node
  linkType: hard

"parseurl@npm:^1.3.2":
  version: 1.3.3
  resolution: "parseurl@npm:1.3.3"
  checksum: 52c9e86cb58e38b28f1a50a6354d16648974ab7a2b91b209f97102840471de8adf524427774af6d5bc482fb7c0a6af6ba08ab37de9a1a7ae389ebe074015914b
  languageName: node
  linkType: hard

"path-to-regexp@npm:^6.1.0":
  version: 6.2.0
  resolution: "path-to-regexp@npm:6.2.0"
  checksum: 4116de71f5453163910347f199ab28fdd07f4053ed88093acb42dc044a2e5e7d9e18379e81e8d5d982d1b88291be3666e56be34a0741298673248fd21e3c1c16
  languageName: node
  linkType: hard

"pump@npm:^3.0.0":
  version: 3.0.0
  resolution: "pump@npm:3.0.0"
  dependencies:
    end-of-stream: ^1.1.0
    once: ^1.3.1
  checksum: 5464d5cf6c6f083cc60cb45b074fb9a4a92ba4d3e0d89e9b2fa1906d8151fd3766784a426725ccf1af50d1c29963ac20b13829933549830e08a6704e3f95e08c
  languageName: node
  linkType: hard

"quick-lru@npm:^5.1.1":
  version: 5.1.1
  resolution: "quick-lru@npm:5.1.1"
  checksum: fafb2b2fa1a948d6f2e88d4a60571be70b316d9b0be857d24fba0ac28fc31acebf535b643fe968473d689f8c655bcb2a0e4da67912f571059a4e4eb15740b021
  languageName: node
  linkType: hard

"react-dom@npm:^17.0.1":
  version: 17.0.1
  resolution: "react-dom@npm:17.0.1"
  dependencies:
    loose-envify: ^1.1.0
    object-assign: ^4.1.1
    scheduler: ^0.20.1
  peerDependencies:
    react: 17.0.1
  checksum: 6a70028fbe3c95e0056c5e8ce065b4a9b8d4ff3bffde9b016454072bde5e4b012af7668ca45b7235ace428267d5be5237b68ea87ce8c296e54e81a8d678a4355
  languageName: node
  linkType: hard

"react@npm:^17.0.1":
  version: 17.0.1
  resolution: "react@npm:17.0.1"
  dependencies:
    loose-envify: ^1.1.0
    object-assign: ^4.1.1
  checksum: a76d86ec973eb4b25a46071ac7f974adfd66ed89ad1db63043be1d976ec25417520a210e6d724b0ad937422b706afcf9962cedda9e92125992a8c0e8a95f2051
  languageName: node
  linkType: hard

"resolve-alpn@npm:^1.0.0":
  version: 1.0.0
  resolution: "resolve-alpn@npm:1.0.0"
  checksum: 17baee01c03a57cebd163aa5c9bd94f33646378bce8aa94c7a8d29fc0e1bf0807532bda3c36bb929511606633921d0f4a69e7fcc894cf02ad1c742e649b71673
  languageName: node
  linkType: hard

"responselike@npm:^2.0.0":
  version: 2.0.0
  resolution: "responselike@npm:2.0.0"
  dependencies:
    lowercase-keys: ^2.0.0
  checksum: 11d8225dd8bbbd2ab7482c2e54ff2618e346c7d785e66d2ff5da03d6eafa8b33c3a4c6d685324dccf06f36ee2695db9bd2579382548c2a7253d770204694a63d
  languageName: node
  linkType: hard

"safe-buffer@npm:5.1.2":
  version: 5.1.2
  resolution: "safe-buffer@npm:5.1.2"
  checksum: 2708587c1b5e70a5e420714ceb59f30f5791c6e831d39812125a008eca63a4ac18578abd020a0776ea497ff03b4543f2b2a223a7b9073bf2d6c7af9ec6829218
  languageName: node
  linkType: hard

"scheduler@npm:^0.20.1":
  version: 0.20.1
  resolution: "scheduler@npm:0.20.1"
  dependencies:
    loose-envify: ^1.1.0
    object-assign: ^4.1.1
  checksum: 377b4ad0d8313c4548bac7374bc38409e9d142799979ce396787efa04d1bcabf2591540f243f2131e3df8e56e7f5b29c5415248523e88ecb60f13a32db2e076f
  languageName: node
  linkType: hard

"setprototypeof@npm:1.1.1":
  version: 1.1.1
  resolution: "setprototypeof@npm:1.1.1"
  checksum: 0efed4da5aec7535828ac07c3b560f0a54257a4a7d5390ffabe5530a083974aef577651507974215edb92a51efa142f22fb3242e24d630ba6adcbfc9e7f1ff2b
  languageName: node
  linkType: hard

"setprototypeof@npm:1.2.0":
  version: 1.2.0
  resolution: "setprototypeof@npm:1.2.0"
  checksum: 72691439857719aa33ec11ebc97960347f0f96e75c2fe65d0f2ca5c9c44fb1aa026e2ae528959624ed3ae3820fe06bfb1aded306402c5c941afd3dfdf47f79d0
  languageName: node
  linkType: hard

"statuses@npm:>= 1.5.0 < 2, statuses@npm:^1.5.0":
  version: 1.5.0
  resolution: "statuses@npm:1.5.0"
  checksum: 57735269bf231176a60deb80f6d60214cb4a87663b0937e79497afe9aebe2597f8377fd28893f4d1776205f18dd0b927774a26b72051411ac5108e9e2dfc77d2
  languageName: node
  linkType: hard

"toidentifier@npm:1.0.0":
  version: 1.0.0
  resolution: "toidentifier@npm:1.0.0"
  checksum: 95720e8a0f98f1525f50ccbecbc2a23f0a1b4e448de03819dbbeda03adf0d2010fe64525fbc9d549765242550d341bb891672e4ac0b2cac58613cdd742324255
  languageName: node
  linkType: hard

"tsscmp@npm:1.0.6":
  version: 1.0.6
  resolution: "tsscmp@npm:1.0.6"
  checksum: 1a5b76eb37c1a331f7e0b99f6414fdb1d58dffbc95301931a00e8728bc9fcb15b676d8e5eb2aecf884f424e8c9a218af388492cffe106539ffc0f8d09d8ab7c1
  languageName: node
  linkType: hard

"type-is@npm:^1.6.16":
  version: 1.6.18
  resolution: "type-is@npm:1.6.18"
  dependencies:
    media-typer: 0.3.0
    mime-types: ~2.1.24
  checksum: 20a3514f1d835c979237995129d1f8c564325301e3a8f1c732bcbe1d7fa0ca1f65994e41a79e9030d79f31e5459bb9be5c377848fcb477cb3049a661b3713d74
  languageName: node
  linkType: hard

typescript@^4.1.3:
  version: 4.1.3
  resolution: "typescript@npm:4.1.3"
  bin:
    tsc: bin/tsc
    tsserver: bin/tsserver
  checksum: 4f7ab1506ea22c7a1c313ec5b4285e93ce08d709ad6086d02d3096adb399ca339972ee56d1e578213c51dd0fb7b0fad50283c2d3c39642405644458ae29774f8
  languageName: node
  linkType: hard

"typescript@patch:typescript@^4.1.3#builtin<compat/typescript>":
  version: 4.1.3
  resolution: "typescript@patch:typescript@npm%3A4.1.3#builtin<compat/typescript>::version=4.1.3&hash=cc6730"
  bin:
    tsc: bin/tsc
    tsserver: bin/tsserver
  checksum: 017af992148346e671d5b83b041773825888e9c94db8d2b9472cdbb6d6f0ee85927817473121524d319f8be6ffe5a6904d27ff6ef21356d2274fcadd52e17938
  languageName: node
  linkType: hard

"vary@npm:^1.1.2":
  version: 1.1.2
  resolution: "vary@npm:1.1.2"
  checksum: 591f059f727ac1ba0d97cb7767f8583a03fcbb07db7be2b7dce838ede520ec0e958a41cb19077054769077fdc49a9b9a2dc391c83426bfee89c054b8cc7404bf
  languageName: node
  linkType: hard

"wrappy@npm:1":
  version: 1.0.2
  resolution: "wrappy@npm:1.0.2"
  checksum: 519fcda0fcdf0c16327be2de9d98646742307bc830277e8868529fcf7566f2b330a6453c233e0cdcb767d5838dd61a90984a02ecc983bcddebea5ad0833bbf98
  languageName: node
  linkType: hard

"ylru@npm:^1.2.0":
  version: 1.2.1
  resolution: "ylru@npm:1.2.1"
  checksum: ce002a8bb58b30a5bcc8bf44a6b04fbee9450f78c29b59380223945714f4c0e38cc7f68d5b1efa8bf6cd22766f23a47698c2fd020bbb63dc55f11d8385d7c34e
  languageName: node
  linkType: hard
